// !$*UTF8*$!
{
	archiveVersion = 1;
	classes = {
	};
	objectVersion = 56;
	objects = {

/* Begin PBXBuildFile section */
		04060D0628E2B63000FA9684 /* View + Extension.swift in Sources */ = {isa = PBXBuildFile; fileRef = 04060D0528E2B63000FA9684 /* View + Extension.swift */; };
		04060D0C28E2B8EC00FA9684 /* VideoView.swift in Sources */ = {isa = PBXBuildFile; fileRef = 04060D0B28E2B8EC00FA9684 /* VideoView.swift */; };
		04060D0E28E2B8FA00FA9684 /* VideoViewModel.swift in Sources */ = {isa = PBXBuildFile; fileRef = 04060D0D28E2B8FA00FA9684 /* VideoViewModel.swift */; };
		04060D1028E2B90600FA9684 /* VideoModel.swift in Sources */ = {isa = PBXBuildFile; fileRef = 04060D0F28E2B90500FA9684 /* VideoModel.swift */; };
		04060D1628E3183F00FA9684 /* CollaborationView.swift in Sources */ = {isa = PBXBuildFile; fileRef = 04060D1528E3183F00FA9684 /* CollaborationView.swift */; };
		04060D1828E3184C00FA9684 /* CollaborationViewModel.swift in Sources */ = {isa = PBXBuildFile; fileRef = 04060D1728E3184C00FA9684 /* CollaborationViewModel.swift */; };
		04060D1A28E3186000FA9684 /* CollaborationModel.swift in Sources */ = {isa = PBXBuildFile; fileRef = 04060D1928E3186000FA9684 /* CollaborationModel.swift */; };
		04060D1C28E3223C00FA9684 /* CollaborationCellType.swift in Sources */ = {isa = PBXBuildFile; fileRef = 04060D1B28E3223C00FA9684 /* CollaborationCellType.swift */; };
		045750CF28E1F5F200751473 /* WylsacomAppPrototypeApp.swift in Sources */ = {isa = PBXBuildFile; fileRef = 045750CE28E1F5F200751473 /* WylsacomAppPrototypeApp.swift */; };
		045750D128E1F5F200751473 /* TabViewContent.swift in Sources */ = {isa = PBXBuildFile; fileRef = 045750D028E1F5F200751473 /* TabViewContent.swift */; };
		045750D328E1F5F400751473 /* Assets.xcassets in Resources */ = {isa = PBXBuildFile; fileRef = 045750D228E1F5F400751473 /* Assets.xcassets */; };
		045750D628E1F5F400751473 /* Preview Assets.xcassets in Resources */ = {isa = PBXBuildFile; fileRef = 045750D528E1F5F400751473 /* Preview Assets.xcassets */; };
		0480C3FE28E2050C00D164D4 /* TapeView.swift in Sources */ = {isa = PBXBuildFile; fileRef = 0480C3FD28E2050C00D164D4 /* TapeView.swift */; };
		0480C40628E23BE500D164D4 /* TapeViewModel.swift in Sources */ = {isa = PBXBuildFile; fileRef = 0480C40528E23BE500D164D4 /* TapeViewModel.swift */; };
		0480C40828E23CCA00D164D4 /* Cell.swift in Sources */ = {isa = PBXBuildFile; fileRef = 0480C40728E23CCA00D164D4 /* Cell.swift */; };
		0480C40A28E2420700D164D4 /* Section.swift in Sources */ = {isa = PBXBuildFile; fileRef = 0480C40928E2420700D164D4 /* Section.swift */; };
		0480C40C28E2422800D164D4 /* SectionType.swift in Sources */ = {isa = PBXBuildFile; fileRef = 0480C40B28E2422800D164D4 /* SectionType.swift */; };
		0480C40F28E24BEA00D164D4 /* NavigationView.swift in Sources */ = {isa = PBXBuildFile; fileRef = 0480C40E28E24BEA00D164D4 /* NavigationView.swift */; };
		0480C41228E24F9E00D164D4 /* NewsCellType.swift in Sources */ = {isa = PBXBuildFile; fileRef = 0480C41128E24F9E00D164D4 /* NewsCellType.swift */; };
		0480C41428E25A5D00D164D4 /* TapeCellTypes.swift in Sources */ = {isa = PBXBuildFile; fileRef = 0480C41328E25A5D00D164D4 /* TapeCellTypes.swift */; };
		0480C41628E25ADA00D164D4 /* TapeModel.swift in Sources */ = {isa = PBXBuildFile; fileRef = 0480C41528E25ADA00D164D4 /* TapeModel.swift */; };
		0480C41928E25D1600D164D4 /* VideoCellType.swift in Sources */ = {isa = PBXBuildFile; fileRef = 0480C41828E25D1600D164D4 /* VideoCellType.swift */; };
		04CBD3DB28E2870D00F85077 /* ContestView.swift in Sources */ = {isa = PBXBuildFile; fileRef = 04CBD3DA28E2870D00F85077 /* ContestView.swift */; };
		04CBD3DD28E2872100F85077 /* ContestViewModel.swift in Sources */ = {isa = PBXBuildFile; fileRef = 04CBD3DC28E2872100F85077 /* ContestViewModel.swift */; };
		04CBD3DF28E2872E00F85077 /* ContestModel.swift in Sources */ = {isa = PBXBuildFile; fileRef = 04CBD3DE28E2872E00F85077 /* ContestModel.swift */; };
		04CBD3E328E288FA00F85077 /* ContestCellType.swift in Sources */ = {isa = PBXBuildFile; fileRef = 04CBD3E228E288FA00F85077 /* ContestCellType.swift */; };
/* End PBXBuildFile section */

/* Begin PBXFileReference section */
		04060D0528E2B63000FA9684 /* View + Extension.swift */ = {isa = PBXFileReference; lastKnownFileType = sourcecode.swift; path = "View + Extension.swift"; sourceTree = "<group>"; };
		04060D0B28E2B8EC00FA9684 /* VideoView.swift */ = {isa = PBXFileReference; lastKnownFileType = sourcecode.swift; path = VideoView.swift; sourceTree = "<group>"; };
		04060D0D28E2B8FA00FA9684 /* VideoViewModel.swift */ = {isa = PBXFileReference; lastKnownFileType = sourcecode.swift; path = VideoViewModel.swift; sourceTree = "<group>"; };
		04060D0F28E2B90500FA9684 /* VideoModel.swift */ = {isa = PBXFileReference; lastKnownFileType = sourcecode.swift; path = VideoModel.swift; sourceTree = "<group>"; };
		04060D1528E3183F00FA9684 /* CollaborationView.swift */ = {isa = PBXFileReference; lastKnownFileType = sourcecode.swift; path = CollaborationView.swift; sourceTree = "<group>"; };
		04060D1728E3184C00FA9684 /* CollaborationViewModel.swift */ = {isa = PBXFileReference; lastKnownFileType = sourcecode.swift; path = CollaborationViewModel.swift; sourceTree = "<group>"; };
		04060D1928E3186000FA9684 /* CollaborationModel.swift */ = {isa = PBXFileReference; lastKnownFileType = sourcecode.swift; path = CollaborationModel.swift; sourceTree = "<group>"; };
		04060D1B28E3223C00FA9684 /* CollaborationCellType.swift */ = {isa = PBXFileReference; lastKnownFileType = sourcecode.swift; path = CollaborationCellType.swift; sourceTree = "<group>"; };
		045750CB28E1F5F200751473 /* WylsacomAppPrototype.app */ = {isa = PBXFileReference; explicitFileType = wrapper.application; includeInIndex = 0; path = WylsacomAppPrototype.app; sourceTree = BUILT_PRODUCTS_DIR; };
		045750CE28E1F5F200751473 /* WylsacomAppPrototypeApp.swift */ = {isa = PBXFileReference; lastKnownFileType = sourcecode.swift; path = WylsacomAppPrototypeApp.swift; sourceTree = "<group>"; };
		045750D028E1F5F200751473 /* TabViewContent.swift */ = {isa = PBXFileReference; lastKnownFileType = sourcecode.swift; path = TabViewContent.swift; sourceTree = "<group>"; };
		045750D228E1F5F400751473 /* Assets.xcassets */ = {isa = PBXFileReference; lastKnownFileType = folder.assetcatalog; path = Assets.xcassets; sourceTree = "<group>"; };
		045750D528E1F5F400751473 /* Preview Assets.xcassets */ = {isa = PBXFileReference; lastKnownFileType = folder.assetcatalog; path = "Preview Assets.xcassets"; sourceTree = "<group>"; };
		0480C3FD28E2050C00D164D4 /* TapeView.swift */ = {isa = PBXFileReference; lastKnownFileType = sourcecode.swift; path = TapeView.swift; sourceTree = "<group>"; };
		0480C40528E23BE500D164D4 /* TapeViewModel.swift */ = {isa = PBXFileReference; lastKnownFileType = sourcecode.swift; path = TapeViewModel.swift; sourceTree = "<group>"; };
		0480C40728E23CCA00D164D4 /* Cell.swift */ = {isa = PBXFileReference; lastKnownFileType = sourcecode.swift; path = Cell.swift; sourceTree = "<group>"; };
		0480C40928E2420700D164D4 /* Section.swift */ = {isa = PBXFileReference; lastKnownFileType = sourcecode.swift; path = Section.swift; sourceTree = "<group>"; };
		0480C40B28E2422800D164D4 /* SectionType.swift */ = {isa = PBXFileReference; lastKnownFileType = sourcecode.swift; path = SectionType.swift; sourceTree = "<group>"; };
		0480C40E28E24BEA00D164D4 /* NavigationView.swift */ = {isa = PBXFileReference; fileEncoding = 4; lastKnownFileType = sourcecode.swift; name = NavigationView.swift; path = WylsacomAppPrototype/Sources/NavigationView/NavigationView.swift; sourceTree = SOURCE_ROOT; };
		0480C41128E24F9E00D164D4 /* NewsCellType.swift */ = {isa = PBXFileReference; lastKnownFileType = sourcecode.swift; path = NewsCellType.swift; sourceTree = "<group>"; };
		0480C41328E25A5D00D164D4 /* TapeCellTypes.swift */ = {isa = PBXFileReference; lastKnownFileType = sourcecode.swift; path = TapeCellTypes.swift; sourceTree = "<group>"; };
		0480C41528E25ADA00D164D4 /* TapeModel.swift */ = {isa = PBXFileReference; lastKnownFileType = sourcecode.swift; path = TapeModel.swift; sourceTree = "<group>"; };
		0480C41828E25D1600D164D4 /* VideoCellType.swift */ = {isa = PBXFileReference; lastKnownFileType = sourcecode.swift; path = VideoCellType.swift; sourceTree = "<group>"; };
		04CBD3DA28E2870D00F85077 /* ContestView.swift */ = {isa = PBXFileReference; lastKnownFileType = sourcecode.swift; path = ContestView.swift; sourceTree = "<group>"; };
		04CBD3DC28E2872100F85077 /* ContestViewModel.swift */ = {isa = PBXFileReference; lastKnownFileType = sourcecode.swift; path = ContestViewModel.swift; sourceTree = "<group>"; };
		04CBD3DE28E2872E00F85077 /* ContestModel.swift */ = {isa = PBXFileReference; lastKnownFileType = sourcecode.swift; path = ContestModel.swift; sourceTree = "<group>"; };
		04CBD3E228E288FA00F85077 /* ContestCellType.swift */ = {isa = PBXFileReference; lastKnownFileType = sourcecode.swift; path = ContestCellType.swift; sourceTree = "<group>"; };
/* End PBXFileReference section */

/* Begin PBXFrameworksBuildPhase section */
		045750C828E1F5F200751473 /* Frameworks */ = {
			isa = PBXFrameworksBuildPhase;
			buildActionMask = 2147483647;
			files = (
			);
			runOnlyForDeploymentPostprocessing = 0;
		};
/* End PBXFrameworksBuildPhase section */

/* Begin PBXGroup section */
		04060D0428E2B60A00FA9684 /* Extenstions */ = {
			isa = PBXGroup;
			children = (
				04060D0528E2B63000FA9684 /* View + Extension.swift */,
			);
			path = Extenstions;
			sourceTree = "<group>";
		};
		04060D0728E2B8C500FA9684 /* VideoModule */ = {
			isa = PBXGroup;
			children = (
				04060D0A28E2B8DD00FA9684 /* Model */,
				04060D0928E2B8D700FA9684 /* ViewModel */,
				04060D0828E2B8D300FA9684 /* View */,
			);
			path = VideoModule;
			sourceTree = "<group>";
		};
		04060D0828E2B8D300FA9684 /* View */ = {
			isa = PBXGroup;
			children = (
				04060D0B28E2B8EC00FA9684 /* VideoView.swift */,
			);
			path = View;
			sourceTree = "<group>";
		};
		04060D0928E2B8D700FA9684 /* ViewModel */ = {
			isa = PBXGroup;
			children = (
				04060D0D28E2B8FA00FA9684 /* VideoViewModel.swift */,
			);
			path = ViewModel;
			sourceTree = "<group>";
		};
		04060D0A28E2B8DD00FA9684 /* Model */ = {
			isa = PBXGroup;
			children = (
				04060D0F28E2B90500FA9684 /* VideoModel.swift */,
			);
			path = Model;
			sourceTree = "<group>";
		};
		04060D1128E317FE00FA9684 /* CollaborationModule */ = {
			isa = PBXGroup;
			children = (
				04060D1428E3181500FA9684 /* Model */,
				04060D1328E3180E00FA9684 /* ViewModel */,
				04060D1228E3180A00FA9684 /* View */,
			);
			path = CollaborationModule;
			sourceTree = "<group>";
		};
		04060D1228E3180A00FA9684 /* View */ = {
			isa = PBXGroup;
			children = (
				04060D1528E3183F00FA9684 /* CollaborationView.swift */,
			);
			path = View;
			sourceTree = "<group>";
		};
		04060D1328E3180E00FA9684 /* ViewModel */ = {
			isa = PBXGroup;
			children = (
				04060D1728E3184C00FA9684 /* CollaborationViewModel.swift */,
			);
			path = ViewModel;
			sourceTree = "<group>";
		};
		04060D1428E3181500FA9684 /* Model */ = {
			isa = PBXGroup;
			children = (
				04060D1928E3186000FA9684 /* CollaborationModel.swift */,
			);
			path = Model;
			sourceTree = "<group>";
		};
		045750C228E1F5F200751473 = {
			isa = PBXGroup;
			children = (
				045750CD28E1F5F200751473 /* WylsacomAppPrototype */,
				045750CC28E1F5F200751473 /* Products */,
			);
			sourceTree = "<group>";
		};
		045750CC28E1F5F200751473 /* Products */ = {
			isa = PBXGroup;
			children = (
				045750CB28E1F5F200751473 /* WylsacomAppPrototype.app */,
			);
			name = Products;
			sourceTree = "<group>";
		};
		045750CD28E1F5F200751473 /* WylsacomAppPrototype */ = {
			isa = PBXGroup;
			children = (
				045750DD28E1F8F400751473 /* Sources */,
				045750E028E1F92900751473 /* Resources */,
			);
			path = WylsacomAppPrototype;
			sourceTree = "<group>";
		};
		045750D428E1F5F400751473 /* Preview Content */ = {
			isa = PBXGroup;
			children = (
				045750D528E1F5F400751473 /* Preview Assets.xcassets */,
			);
			path = "Preview Content";
			sourceTree = "<group>";
		};
		045750DC28E1F8E500751473 /* TapeModule */ = {
			isa = PBXGroup;
			children = (
				045750E328E1FA0700751473 /* Model */,
				045750E228E1FA0300751473 /* ViewModel */,
				045750E128E1F9FF00751473 /* View */,
			);
			path = TapeModule;
			sourceTree = "<group>";
		};
		045750DD28E1F8F400751473 /* Sources */ = {
			isa = PBXGroup;
			children = (
				04060D0428E2B60A00FA9684 /* Extenstions */,
				045750DE28E1F8F900751473 /* App */,
				0480C40D28E24B9400D164D4 /* NavigationView */,
				045750DF28E1F90200751473 /* TabViewContent */,
				0480C41028E24EDA00D164D4 /* CellTypes */,
				0480C41728E25B2500D164D4 /* ModelTemplate */,
				045750DC28E1F8E500751473 /* TapeModule */,
				04CBD3D628E286C900F85077 /* ContestModule */,
				04060D0728E2B8C500FA9684 /* VideoModule */,
				04060D1128E317FE00FA9684 /* CollaborationModule */,
			);
			path = Sources;
			sourceTree = "<group>";
		};
		045750DE28E1F8F900751473 /* App */ = {
			isa = PBXGroup;
			children = (
				045750CE28E1F5F200751473 /* WylsacomAppPrototypeApp.swift */,
			);
			path = App;
			sourceTree = "<group>";
		};
		045750DF28E1F90200751473 /* TabViewContent */ = {
			isa = PBXGroup;
			children = (
				045750D028E1F5F200751473 /* TabViewContent.swift */,
			);
			path = TabViewContent;
			sourceTree = "<group>";
		};
		045750E028E1F92900751473 /* Resources */ = {
			isa = PBXGroup;
			children = (
				045750D228E1F5F400751473 /* Assets.xcassets */,
				045750D428E1F5F400751473 /* Preview Content */,
			);
			path = Resources;
			sourceTree = "<group>";
		};
		045750E128E1F9FF00751473 /* View */ = {
			isa = PBXGroup;
			children = (
				0480C3FD28E2050C00D164D4 /* TapeView.swift */,
				0480C41328E25A5D00D164D4 /* TapeCellTypes.swift */,
			);
			path = View;
			sourceTree = "<group>";
		};
		045750E228E1FA0300751473 /* ViewModel */ = {
			isa = PBXGroup;
			children = (
				0480C40528E23BE500D164D4 /* TapeViewModel.swift */,
			);
			path = ViewModel;
			sourceTree = "<group>";
		};
		045750E328E1FA0700751473 /* Model */ = {
			isa = PBXGroup;
			children = (
				0480C41528E25ADA00D164D4 /* TapeModel.swift */,
			);
			path = Model;
			sourceTree = "<group>";
		};
		0480C40D28E24B9400D164D4 /* NavigationView */ = {
			isa = PBXGroup;
			children = (
				0480C40E28E24BEA00D164D4 /* NavigationView.swift */,
			);
			name = NavigationView;
			path = App/NavigationView;
			sourceTree = "<group>";
		};
		0480C41028E24EDA00D164D4 /* CellTypes */ = {
			isa = PBXGroup;
			children = (
				0480C41128E24F9E00D164D4 /* NewsCellType.swift */,
				0480C41828E25D1600D164D4 /* VideoCellType.swift */,
				04CBD3E228E288FA00F85077 /* ContestCellType.swift */,
				04060D1B28E3223C00FA9684 /* CollaborationCellType.swift */,
			);
			path = CellTypes;
			sourceTree = "<group>";
		};
		0480C41728E25B2500D164D4 /* ModelTemplate */ = {
			isa = PBXGroup;
			children = (
				0480C40B28E2422800D164D4 /* SectionType.swift */,
				0480C40928E2420700D164D4 /* Section.swift */,
				0480C40728E23CCA00D164D4 /* Cell.swift */,
			);
			path = ModelTemplate;
			sourceTree = "<group>";
		};
		04CBD3D628E286C900F85077 /* ContestModule */ = {
			isa = PBXGroup;
			children = (
				04CBD3D928E286FF00F85077 /* Model */,
				04CBD3D828E286FA00F85077 /* ViewModel */,
				04CBD3D728E286F100F85077 /* View */,
			);
			path = ContestModule;
			sourceTree = "<group>";
		};
		04CBD3D728E286F100F85077 /* View */ = {
			isa = PBXGroup;
			children = (
				04CBD3DA28E2870D00F85077 /* ContestView.swift */,
			);
			path = View;
			sourceTree = "<group>";
		};
		04CBD3D828E286FA00F85077 /* ViewModel */ = {
			isa = PBXGroup;
			children = (
				04CBD3DC28E2872100F85077 /* ContestViewModel.swift */,
			);
			path = ViewModel;
			sourceTree = "<group>";
		};
		04CBD3D928E286FF00F85077 /* Model */ = {
			isa = PBXGroup;
			children = (
				04CBD3DE28E2872E00F85077 /* ContestModel.swift */,
			);
			path = Model;
			sourceTree = "<group>";
		};
/* End PBXGroup section */

/* Begin PBXNativeTarget section */
		045750CA28E1F5F200751473 /* WylsacomAppPrototype */ = {
			isa = PBXNativeTarget;
			buildConfigurationList = 045750D928E1F5F400751473 /* Build configuration list for PBXNativeTarget "WylsacomAppPrototype" */;
			buildPhases = (
				045750C728E1F5F200751473 /* Sources */,
				045750C828E1F5F200751473 /* Frameworks */,
				045750C928E1F5F200751473 /* Resources */,
			);
			buildRules = (
			);
			dependencies = (
			);
			name = WylsacomAppPrototype;
			productName = WylsacomAppPrototype;
			productReference = 045750CB28E1F5F200751473 /* WylsacomAppPrototype.app */;
			productType = "com.apple.product-type.application";
		};
/* End PBXNativeTarget section */

/* Begin PBXProject section */
		045750C328E1F5F200751473 /* Project object */ = {
			isa = PBXProject;
			attributes = {
				BuildIndependentTargetsInParallel = 1;
				LastSwiftUpdateCheck = 1400;
				LastUpgradeCheck = 1400;
				TargetAttributes = {
					045750CA28E1F5F200751473 = {
						CreatedOnToolsVersion = 14.0;
					};
				};
			};
			buildConfigurationList = 045750C628E1F5F200751473 /* Build configuration list for PBXProject "WylsacomAppPrototype" */;
			compatibilityVersion = "Xcode 14.0";
			developmentRegion = en;
			hasScannedForEncodings = 0;
			knownRegions = (
				en,
				Base,
			);
			mainGroup = 045750C228E1F5F200751473;
			productRefGroup = 045750CC28E1F5F200751473 /* Products */;
			projectDirPath = "";
			projectRoot = "";
			targets = (
				045750CA28E1F5F200751473 /* WylsacomAppPrototype */,
			);
		};
/* End PBXProject section */

/* Begin PBXResourcesBuildPhase section */
		045750C928E1F5F200751473 /* Resources */ = {
			isa = PBXResourcesBuildPhase;
			buildActionMask = 2147483647;
			files = (
				045750D628E1F5F400751473 /* Preview Assets.xcassets in Resources */,
				045750D328E1F5F400751473 /* Assets.xcassets in Resources */,
			);
			runOnlyForDeploymentPostprocessing = 0;
		};
/* End PBXResourcesBuildPhase section */

/* Begin PBXSourcesBuildPhase section */
		045750C728E1F5F200751473 /* Sources */ = {
			isa = PBXSourcesBuildPhase;
			buildActionMask = 2147483647;
			files = (
				0480C40A28E2420700D164D4 /* Section.swift in Sources */,
				0480C40828E23CCA00D164D4 /* Cell.swift in Sources */,
				04CBD3E328E288FA00F85077 /* ContestCellType.swift in Sources */,
				04060D1028E2B90600FA9684 /* VideoModel.swift in Sources */,
				0480C40F28E24BEA00D164D4 /* NavigationView.swift in Sources */,
				0480C41928E25D1600D164D4 /* VideoCellType.swift in Sources */,
				0480C40628E23BE500D164D4 /* TapeViewModel.swift in Sources */,
				04060D0C28E2B8EC00FA9684 /* VideoView.swift in Sources */,
				04060D0E28E2B8FA00FA9684 /* VideoViewModel.swift in Sources */,
				0480C41628E25ADA00D164D4 /* TapeModel.swift in Sources */,
				0480C40C28E2422800D164D4 /* SectionType.swift in Sources */,
				04060D1A28E3186000FA9684 /* CollaborationModel.swift in Sources */,
				045750D128E1F5F200751473 /* TabViewContent.swift in Sources */,
				04CBD3DF28E2872E00F85077 /* ContestModel.swift in Sources */,
				0480C41228E24F9E00D164D4 /* NewsCellType.swift in Sources */,
				0480C41428E25A5D00D164D4 /* TapeCellTypes.swift in Sources */,
				045750CF28E1F5F200751473 /* WylsacomAppPrototypeApp.swift in Sources */,
				04060D1C28E3223C00FA9684 /* CollaborationCellType.swift in Sources */,
				04CBD3DD28E2872100F85077 /* ContestViewModel.swift in Sources */,
				04060D0628E2B63000FA9684 /* View + Extension.swift in Sources */,
				04CBD3DB28E2870D00F85077 /* ContestView.swift in Sources */,
				04060D1628E3183F00FA9684 /* CollaborationView.swift in Sources */,
				04060D1828E3184C00FA9684 /* CollaborationViewModel.swift in Sources */,
				0480C3FE28E2050C00D164D4 /* TapeView.swift in Sources */,
			);
			runOnlyForDeploymentPostprocessing = 0;
		};
/* End PBXSourcesBuildPhase section */

/* Begin XCBuildConfiguration section */
		045750D728E1F5F400751473 /* Debug */ = {
			isa = XCBuildConfiguration;
			buildSettings = {
				ALWAYS_SEARCH_USER_PATHS = NO;
				CLANG_ANALYZER_NONNULL = YES;
				CLANG_ANALYZER_NUMBER_OBJECT_CONVERSION = YES_AGGRESSIVE;
				CLANG_CXX_LANGUAGE_STANDARD = "gnu++20";
				CLANG_ENABLE_MODULES = YES;
				CLANG_ENABLE_OBJC_ARC = YES;
				CLANG_ENABLE_OBJC_WEAK = YES;
				CLANG_WARN_BLOCK_CAPTURE_AUTORELEASING = YES;
				CLANG_WARN_BOOL_CONVERSION = YES;
				CLANG_WARN_COMMA = YES;
				CLANG_WARN_CONSTANT_CONVERSION = YES;
				CLANG_WARN_DEPRECATED_OBJC_IMPLEMENTATIONS = YES;
				CLANG_WARN_DIRECT_OBJC_ISA_USAGE = YES_ERROR;
				CLANG_WARN_DOCUMENTATION_COMMENTS = YES;
				CLANG_WARN_EMPTY_BODY = YES;
				CLANG_WARN_ENUM_CONVERSION = YES;
				CLANG_WARN_INFINITE_RECURSION = YES;
				CLANG_WARN_INT_CONVERSION = YES;
				CLANG_WARN_NON_LITERAL_NULL_CONVERSION = YES;
				CLANG_WARN_OBJC_IMPLICIT_RETAIN_SELF = YES;
				CLANG_WARN_OBJC_LITERAL_CONVERSION = YES;
				CLANG_WARN_OBJC_ROOT_CLASS = YES_ERROR;
				CLANG_WARN_QUOTED_INCLUDE_IN_FRAMEWORK_HEADER = YES;
				CLANG_WARN_RANGE_LOOP_ANALYSIS = YES;
				CLANG_WARN_STRICT_PROTOTYPES = YES;
				CLANG_WARN_SUSPICIOUS_MOVE = YES;
				CLANG_WARN_UNGUARDED_AVAILABILITY = YES_AGGRESSIVE;
				CLANG_WARN_UNREACHABLE_CODE = YES;
				CLANG_WARN__DUPLICATE_METHOD_MATCH = YES;
				COPY_PHASE_STRIP = NO;
				DEBUG_INFORMATION_FORMAT = dwarf;
				ENABLE_STRICT_OBJC_MSGSEND = YES;
				ENABLE_TESTABILITY = YES;
				GCC_C_LANGUAGE_STANDARD = gnu11;
				GCC_DYNAMIC_NO_PIC = NO;
				GCC_NO_COMMON_BLOCKS = YES;
				GCC_OPTIMIZATION_LEVEL = 0;
				GCC_PREPROCESSOR_DEFINITIONS = (
					"DEBUG=1",
					"$(inherited)",
				);
				GCC_WARN_64_TO_32_BIT_CONVERSION = YES;
				GCC_WARN_ABOUT_RETURN_TYPE = YES_ERROR;
				GCC_WARN_UNDECLARED_SELECTOR = YES;
				GCC_WARN_UNINITIALIZED_AUTOS = YES_AGGRESSIVE;
				GCC_WARN_UNUSED_FUNCTION = YES;
				GCC_WARN_UNUSED_VARIABLE = YES;
				IPHONEOS_DEPLOYMENT_TARGET = 16.0;
				MTL_ENABLE_DEBUG_INFO = INCLUDE_SOURCE;
				MTL_FAST_MATH = YES;
				ONLY_ACTIVE_ARCH = YES;
				SDKROOT = iphoneos;
				SWIFT_ACTIVE_COMPILATION_CONDITIONS = DEBUG;
				SWIFT_OPTIMIZATION_LEVEL = "-Onone";
			};
			name = Debug;
		};
		045750D828E1F5F400751473 /* Release */ = {
			isa = XCBuildConfiguration;
			buildSettings = {
				ALWAYS_SEARCH_USER_PATHS = NO;
				CLANG_ANALYZER_NONNULL = YES;
				CLANG_ANALYZER_NUMBER_OBJECT_CONVERSION = YES_AGGRESSIVE;
				CLANG_CXX_LANGUAGE_STANDARD = "gnu++20";
				CLANG_ENABLE_MODULES = YES;
				CLANG_ENABLE_OBJC_ARC = YES;
				CLANG_ENABLE_OBJC_WEAK = YES;
				CLANG_WARN_BLOCK_CAPTURE_AUTORELEASING = YES;
				CLANG_WARN_BOOL_CONVERSION = YES;
				CLANG_WARN_COMMA = YES;
				CLANG_WARN_CONSTANT_CONVERSION = YES;
				CLANG_WARN_DEPRECATED_OBJC_IMPLEMENTATIONS = YES;
				CLANG_WARN_DIRECT_OBJC_ISA_USAGE = YES_ERROR;
				CLANG_WARN_DOCUMENTATION_COMMENTS = YES;
				CLANG_WARN_EMPTY_BODY = YES;
				CLANG_WARN_ENUM_CONVERSION = YES;
				CLANG_WARN_INFINITE_RECURSION = YES;
				CLANG_WARN_INT_CONVERSION = YES;
				CLANG_WARN_NON_LITERAL_NULL_CONVERSION = YES;
				CLANG_WARN_OBJC_IMPLICIT_RETAIN_SELF = YES;
				CLANG_WARN_OBJC_LITERAL_CONVERSION = YES;
				CLANG_WARN_OBJC_ROOT_CLASS = YES_ERROR;
				CLANG_WARN_QUOTED_INCLUDE_IN_FRAMEWORK_HEADER = YES;
				CLANG_WARN_RANGE_LOOP_ANALYSIS = YES;
				CLANG_WARN_STRICT_PROTOTYPES = YES;
				CLANG_WARN_SUSPICIOUS_MOVE = YES;
				CLANG_WARN_UNGUARDED_AVAILABILITY = YES_AGGRESSIVE;
				CLANG_WARN_UNREACHABLE_CODE = YES;
				CLANG_WARN__DUPLICATE_METHOD_MATCH = YES;
				COPY_PHASE_STRIP = NO;
				DEBUG_INFORMATION_FORMAT = "dwarf-with-dsym";
				ENABLE_NS_ASSERTIONS = NO;
				ENABLE_STRICT_OBJC_MSGSEND = YES;
				GCC_C_LANGUAGE_STANDARD = gnu11;
				GCC_NO_COMMON_BLOCKS = YES;
				GCC_WARN_64_TO_32_BIT_CONVERSION = YES;
				GCC_WARN_ABOUT_RETURN_TYPE = YES_ERROR;
				GCC_WARN_UNDECLARED_SELECTOR = YES;
				GCC_WARN_UNINITIALIZED_AUTOS = YES_AGGRESSIVE;
				GCC_WARN_UNUSED_FUNCTION = YES;
				GCC_WARN_UNUSED_VARIABLE = YES;
				IPHONEOS_DEPLOYMENT_TARGET = 16.0;
				MTL_ENABLE_DEBUG_INFO = NO;
				MTL_FAST_MATH = YES;
				SDKROOT = iphoneos;
				SWIFT_COMPILATION_MODE = wholemodule;
				SWIFT_OPTIMIZATION_LEVEL = "-O";
				VALIDATE_PRODUCT = YES;
			};
			name = Release;
		};
		045750DA28E1F5F400751473 /* Debug */ = {
			isa = XCBuildConfiguration;
			buildSettings = {
				ASSETCATALOG_COMPILER_APPICON_NAME = AppIcon;
				ASSETCATALOG_COMPILER_GLOBAL_ACCENT_COLOR_NAME = AccentColor;
				CODE_SIGN_STYLE = Automatic;
				CURRENT_PROJECT_VERSION = 1;
				DEVELOPMENT_ASSET_PATHS = "\"WylsacomAppPrototype/Resources/Preview Content\"";
				DEVELOPMENT_TEAM = 34TG2Y4HBL;
				ENABLE_PREVIEWS = YES;
				GENERATE_INFOPLIST_FILE = YES;
				INFOPLIST_KEY_UIApplicationSceneManifest_Generation = YES;
				INFOPLIST_KEY_UIApplicationSupportsIndirectInputEvents = YES;
				INFOPLIST_KEY_UILaunchScreen_Generation = YES;
				INFOPLIST_KEY_UISupportedInterfaceOrientations_iPad = UIInterfaceOrientationPortrait;
				INFOPLIST_KEY_UISupportedInterfaceOrientations_iPhone = UIInterfaceOrientationPortrait;
				IPHONEOS_DEPLOYMENT_TARGET = 16.0;
				LD_RUNPATH_SEARCH_PATHS = (
					"$(inherited)",
					"@executable_path/Frameworks",
				);
				MARKETING_VERSION = 1.0;
				PRODUCT_BUNDLE_IDENTIFIER = com.my.WylsacomAppPrototype;
				PRODUCT_NAME = "$(TARGET_NAME)";
				SWIFT_EMIT_LOC_STRINGS = YES;
				SWIFT_VERSION = 5.0;
				TARGETED_DEVICE_FAMILY = "1,2";
			};
			name = Debug;
		};
		045750DB28E1F5F400751473 /* Release */ = {
			isa = XCBuildConfiguration;
			buildSettings = {
				ASSETCATALOG_COMPILER_APPICON_NAME = AppIcon;
				ASSETCATALOG_COMPILER_GLOBAL_ACCENT_COLOR_NAME = AccentColor;
				CODE_SIGN_STYLE = Automatic;
				CURRENT_PROJECT_VERSION = 1;
				DEVELOPMENT_ASSET_PATHS = "\"WylsacomAppPrototype/Resources/Preview Content\"";
				DEVELOPMENT_TEAM = 34TG2Y4HBL;
				ENABLE_PREVIEWS = YES;
				GENERATE_INFOPLIST_FILE = YES;
				INFOPLIST_KEY_UIApplicationSceneManifest_Generation = YES;
				INFOPLIST_KEY_UIApplicationSupportsIndirectInputEvents = YES;
				INFOPLIST_KEY_UILaunchScreen_Generation = YES;
				INFOPLIST_KEY_UISupportedInterfaceOrientations_iPad = UIInterfaceOrientationPortrait;
				INFOPLIST_KEY_UISupportedInterfaceOrientations_iPhone = UIInterfaceOrientationPortrait;
				IPHONEOS_DEPLOYMENT_TARGET = 16.0;
				LD_RUNPATH_SEARCH_PATHS = (
					"$(inherited)",
					"@executable_path/Frameworks",
				);
				MARKETING_VERSION = 1.0;
				PRODUCT_BUNDLE_IDENTIFIER = com.my.WylsacomAppPrototype;
				PRODUCT_NAME = "$(TARGET_NAME)";
				SWIFT_EMIT_LOC_STRINGS = YES;
				SWIFT_VERSION = 5.0;
				TARGETED_DEVICE_FAMILY = "1,2";
			};
			name = Release;
		};
/* End XCBuildConfiguration section */

/* Begin XCConfigurationList section */
		045750C628E1F5F200751473 /* Build configuration list for PBXProject "WylsacomAppPrototype" */ = {
			isa = XCConfigurationList;
			buildConfigurations = (
				045750D728E1F5F400751473 /* Debug */,
				045750D828E1F5F400751473 /* Release */,
			);
			defaultConfigurationIsVisible = 0;
			defaultConfigurationName = Release;
		};
		045750D928E1F5F400751473 /* Build configuration list for PBXNativeTarget "WylsacomAppPrototype" */ = {
			isa = XCConfigurationList;
			buildConfigurations = (
				045750DA28E1F5F400751473 /* Debug */,
				045750DB28E1F5F400751473 /* Release */,
			);
			defaultConfigurationIsVisible = 0;
			defaultConfigurationName = Release;
		};
/* End XCConfigurationList section */
	};
	rootObject = 045750C328E1F5F200751473 /* Project object */;
}
